{
  "lockfileVersion": 1,
  "configVersion": 1,
  "workspaces": {
    "": {
      "name": "@phreshos/server",
      "dependencies": {
        "@msgpack/msgpack": "^3.1.3",
      },
      "devDependencies": {
        "@phreshos/core": "^0.1.8",
        "@types/node": "^26.2.0",
        "typescript": "^6.0.3",
      },
      "peerDependencies": {
        "@phreshos/core": "^0.1.8",
      },
    },
  },
  "packages": {
    "@msgpack/msgpack": ["@msgpack/msgpack@3.1.3", "", {}, "sha512-47XIizs9XZXvuJgoaJUIE2lFoID8ugvc0jzSHP+Ptfk8nTbnR8g788wv48N03Kx0UkAv559HWRQ3yzOgzlRNUA=="],

    "@phreshos/core": ["@phreshos/core@0.1.8", "", {}, "sha512-9gxb4Yk3/4FefpTTGnj3JPgPk27Ld7JuXX3Mpe4K2kzv+Y0sfy4WzEkP81pwhW9My44LEzpL75wjC9vXmZ1m6A=="],

    "@types/node": ["@types/node@26.2.0", "", { "dependencies": { "undici-types": "~8.3.0" } }, "sha512-5IviulTZeRNp2vAJ514cc/HUlY5nZ9fCbq9DMyC52BrhFZACo3nI0R7qBxhQmo/d27NFe96ur/b7Wwxklda+kg=="],

    "typescript": ["typescript@6.0.3", "", { "bin": { "tsc": "bin/tsc", "tsserver": "bin/tsserver" } }, "sha512-y2TvuxSZPDyQakkFRPZHKFm+KKVqIisdg9/CZwm9ftvKXLP8NRWj38/ODjNbr43SsoXqNuAisEf1GdCxqWcdBw=="],

    "undici-types": ["undici-types@8.3.0", "", {}, "sha512-j375ScV60dom+YkPFIfTLcOiPxkN/buHz5GobjLhixFuANaNs3C9l4GmrWqejgXWJ7BbJcFYpTEUkS1Ge8bpZQ=="],
  }
}
