{
  "lockfileVersion": 1,
  "configVersion": 1,
  "workspaces": {
    "": {
      "name": "@phreshos/server",
      "dependencies": {
        "@the-link/messagepack": "^0.1.0",
      },
      "devDependencies": {
        "@phreshos/core": "^0.1.40",
        "@types/node": "^26.2.0",
        "typescript": "^6.0.3",
      },
      "peerDependencies": {
        "@phreshos/core": "^0.1.40",
      },
    },
  },
  "packages": {
    "@msgpack/msgpack": ["@msgpack/msgpack@3.1.3", "", {}, "sha512-47XIizs9XZXvuJgoaJUIE2lFoID8ugvc0jzSHP+Ptfk8nTbnR8g788wv48N03Kx0UkAv559HWRQ3yzOgzlRNUA=="],

    "@phreshos/core": ["@phreshos/core@0.1.40", "", {}, "sha512-qigxWHYeVkpPGhYIQ+3EooiABkOjGMrtOhr06S7J862q/fIM56AltX1iHgRBiySg8uoY+NXM5+rbAH0cCX6IpA=="],

    "@the-link/messagepack": ["@the-link/messagepack@0.1.0", "", { "dependencies": { "@msgpack/msgpack": "^3.1.3" } }, "sha512-Ktnd6sBPZKLCYl6wnxZjxnCzCBWv33k5iUXAs3hVueejj7vQ5wK5KQVPqaQmfeBFuyOo68KqtVaMxl7A1c/atg=="],

    "@types/node": ["@types/node@26.2.0", "", { "dependencies": { "undici-types": "~8.3.0" } }, "sha512-5IviulTZeRNp2vAJ514cc/HUlY5nZ9fCbq9DMyC52BrhFZACo3nI0R7qBxhQmo/d27NFe96ur/b7Wwxklda+kg=="],

    "typescript": ["typescript@6.0.3", "", { "bin": { "tsc": "bin/tsc", "tsserver": "bin/tsserver" } }, "sha512-y2TvuxSZPDyQakkFRPZHKFm+KKVqIisdg9/CZwm9ftvKXLP8NRWj38/ODjNbr43SsoXqNuAisEf1GdCxqWcdBw=="],

    "undici-types": ["undici-types@8.3.0", "", {}, "sha512-j375ScV60dom+YkPFIfTLcOiPxkN/buHz5GobjLhixFuANaNs3C9l4GmrWqejgXWJ7BbJcFYpTEUkS1Ge8bpZQ=="],
  }
}
